
Microsoft Visual Studio Solution File, Format Version 12.00
# Visual Studio Version 17
VisualStudioVersion = 17.14.37012.4
MinimumVisualStudioVersion = 10.0.40219.1
Project("{A07B5EB6-E848-4116-A8D0-A826331D98C6}") = "RegulationAssistent", "RegulationAssistent\RegulationAssistent.sfproj", "{398A4F12-A0D6-48C8-8E52-A2A837A11755}"
EndProject
Project("{FAE04EC0-301F-11D3-BF4B-00C04F79EFBC}") = "APIGatewayService", "APIGatewayService\APIGatewayService.csproj", "{559C236C-CED1-431E-B9EE-555329FDA694}"
EndProject
Project("{FAE04EC0-301F-11D3-BF4B-00C04F79EFBC}") = "CommonSDK", "CommonSDK\CommonSDK.csproj", "{12DCE139-EB3C-AD30-79B2-F1483A92B116}"
EndProject
Project("{FAE04EC0-301F-11D3-BF4B-00C04F79EFBC}") = "ExternalServiceContracts", "ExternalServiceContracts\ExternalServiceContracts.csproj", "{1904D9D4-07D7-C9CD-B76B-9C548CC548F1}"
EndProject
Project("{FAE04EC0-301F-11D3-BF4B-00C04F79EFBC}") = "DocumentStorageService", "DocumentStorageService\DocumentStorageService.csproj", "{4BA902B1-C25F-4D07-9E29-3FF3A18B5C4B}"
EndProject
Project("{FAE04EC0-301F-11D3-BF4B-00C04F79EFBC}") = "RegulationAssistantChatClient", "RegulationAssistantChatClient\RegulationAssistantChatClient.csproj", "{B961F986-01A9-4164-F3B6-9ECCB1A4A8FA}"
EndProject
Project("{FAE04EC0-301F-11D3-BF4B-00C04F79EFBC}") = "DocumentIndexingService", "DocumentIndexingService\DocumentIndexingService.csproj", "{379BC30E-F59E-4384-95A3-2DC6D57A3515}"
EndProject
Project("{FAE04EC0-301F-11D3-BF4B-00C04F79EFBC}") = "QueryService", "QueryService\QueryService.csproj", "{5089C2C7-3029-439F-B196-53BAC0ED2E9A}"
EndProject
Project("{FAE04EC0-301F-11D3-BF4B-00C04F79EFBC}") = "LLMService", "LLMService\LLMService.csproj", "{E9B6464B-A145-4FA7-96FC-027EBBE9F8A1}"
EndProject
Project("{FAE04EC0-301F-11D3-BF4B-00C04F79EFBC}") = "AuditService", "AuditService\AuditService.csproj", "{9BD6B934-0A59-4E57-B100-4DDF8A49CCB4}"
EndProject
Global
	GlobalSection(SolutionConfigurationPlatforms) = preSolution
		Debug|Any CPU = Debug|Any CPU
		Debug|x64 = Debug|x64
		Release|Any CPU = Release|Any CPU
		Release|x64 = Release|x64
	EndGlobalSection
	GlobalSection(ProjectConfigurationPlatforms) = postSolution
		{398A4F12-A0D6-48C8-8E52-A2A837A11755}.Debug|Any CPU.ActiveCfg = Debug|x64
		{398A4F12-A0D6-48C8-8E52-A2A837A11755}.Debug|Any CPU.Build.0 = Debug|x64
		{398A4F12-A0D6-48C8-8E52-A2A837A11755}.Debug|Any CPU.Deploy.0 = Debug|x64
		{398A4F12-A0D6-48C8-8E52-A2A837A11755}.Debug|x64.ActiveCfg = Debug|x64
		{398A4F12-A0D6-48C8-8E52-A2A837A11755}.Debug|x64.Build.0 = Debug|x64
		{398A4F12-A0D6-48C8-8E52-A2A837A11755}.Debug|x64.Deploy.0 = Debug|x64
		{398A4F12-A0D6-48C8-8E52-A2A837A11755}.Release|Any CPU.ActiveCfg = Release|x64
		{398A4F12-A0D6-48C8-8E52-A2A837A11755}.Release|Any CPU.Build.0 = Release|x64
		{398A4F12-A0D6-48C8-8E52-A2A837A11755}.Release|Any CPU.Deploy.0 = Release|x64
		{398A4F12-A0D6-48C8-8E52-A2A837A11755}.Release|x64.ActiveCfg = Release|x64
		{398A4F12-A0D6-48C8-8E52-A2A837A11755}.Release|x64.Build.0 = Release|x64
		{398A4F12-A0D6-48C8-8E52-A2A837A11755}.Release|x64.Deploy.0 = Release|x64
		{559C236C-CED1-431E-B9EE-555329FDA694}.Debug|Any CPU.ActiveCfg = Debug|Any CPU
		{559C236C-CED1-431E-B9EE-555329FDA694}.Debug|Any CPU.Build.0 = Debug|Any CPU
		{559C236C-CED1-431E-B9EE-555329FDA694}.Debug|x64.ActiveCfg = Debug|Any CPU
		{559C236C-CED1-431E-B9EE-555329FDA694}.Debug|x64.Build.0 = Debug|Any CPU
		{559C236C-CED1-431E-B9EE-555329FDA694}.Release|Any CPU.ActiveCfg = Release|Any CPU
		{559C236C-CED1-431E-B9EE-555329FDA694}.Release|Any CPU.Build.0 = Release|Any CPU
		{559C236C-CED1-431E-B9EE-555329FDA694}.Release|x64.ActiveCfg = Release|Any CPU
		{559C236C-CED1-431E-B9EE-555329FDA694}.Release|x64.Build.0 = Release|Any CPU
		{12DCE139-EB3C-AD30-79B2-F1483A92B116}.Debug|Any CPU.ActiveCfg = Debug|x64
		{12DCE139-EB3C-AD30-79B2-F1483A92B116}.Debug|Any CPU.Build.0 = Debug|x64
		{12DCE139-EB3C-AD30-79B2-F1483A92B116}.Debug|x64.ActiveCfg = Debug|x64
		{12DCE139-EB3C-AD30-79B2-F1483A92B116}.Debug|x64.Build.0 = Debug|x64
		{12DCE139-EB3C-AD30-79B2-F1483A92B116}.Release|Any CPU.ActiveCfg = Release|x64
		{12DCE139-EB3C-AD30-79B2-F1483A92B116}.Release|Any CPU.Build.0 = Release|x64
		{12DCE139-EB3C-AD30-79B2-F1483A92B116}.Release|x64.ActiveCfg = Release|x64
		{12DCE139-EB3C-AD30-79B2-F1483A92B116}.Release|x64.Build.0 = Release|x64
		{1904D9D4-07D7-C9CD-B76B-9C548CC548F1}.Debug|Any CPU.ActiveCfg = Debug|x64
		{1904D9D4-07D7-C9CD-B76B-9C548CC548F1}.Debug|Any CPU.Build.0 = Debug|x64
		{1904D9D4-07D7-C9CD-B76B-9C548CC548F1}.Debug|x64.ActiveCfg = Debug|x64
		{1904D9D4-07D7-C9CD-B76B-9C548CC548F1}.Debug|x64.Build.0 = Debug|x64
		{1904D9D4-07D7-C9CD-B76B-9C548CC548F1}.Release|Any CPU.ActiveCfg = Release|x64
		{1904D9D4-07D7-C9CD-B76B-9C548CC548F1}.Release|Any CPU.Build.0 = Release|x64
		{1904D9D4-07D7-C9CD-B76B-9C548CC548F1}.Release|x64.ActiveCfg = Release|x64
		{1904D9D4-07D7-C9CD-B76B-9C548CC548F1}.Release|x64.Build.0 = Release|x64
		{4BA902B1-C25F-4D07-9E29-3FF3A18B5C4B}.Debug|Any CPU.ActiveCfg = Debug|Any CPU
		{4BA902B1-C25F-4D07-9E29-3FF3A18B5C4B}.Debug|Any CPU.Build.0 = Debug|Any CPU
		{4BA902B1-C25F-4D07-9E29-3FF3A18B5C4B}.Debug|x64.ActiveCfg = Debug|Any CPU
		{4BA902B1-C25F-4D07-9E29-3FF3A18B5C4B}.Debug|x64.Build.0 = Debug|Any CPU
		{4BA902B1-C25F-4D07-9E29-3FF3A18B5C4B}.Release|Any CPU.ActiveCfg = Release|Any CPU
		{4BA902B1-C25F-4D07-9E29-3FF3A18B5C4B}.Release|Any CPU.Build.0 = Release|Any CPU
		{4BA902B1-C25F-4D07-9E29-3FF3A18B5C4B}.Release|x64.ActiveCfg = Release|Any CPU
		{4BA902B1-C25F-4D07-9E29-3FF3A18B5C4B}.Release|x64.Build.0 = Release|Any CPU
		{B961F986-01A9-4164-F3B6-9ECCB1A4A8FA}.Debug|Any CPU.ActiveCfg = Debug|x64
		{B961F986-01A9-4164-F3B6-9ECCB1A4A8FA}.Debug|Any CPU.Build.0 = Debug|x64
		{B961F986-01A9-4164-F3B6-9ECCB1A4A8FA}.Debug|x64.ActiveCfg = Debug|x64
		{B961F986-01A9-4164-F3B6-9ECCB1A4A8FA}.Debug|x64.Build.0 = Debug|x64
		{B961F986-01A9-4164-F3B6-9ECCB1A4A8FA}.Release|Any CPU.ActiveCfg = Release|x64
		{B961F986-01A9-4164-F3B6-9ECCB1A4A8FA}.Release|Any CPU.Build.0 = Release|x64
		{B961F986-01A9-4164-F3B6-9ECCB1A4A8FA}.Release|x64.ActiveCfg = Release|x64
		{B961F986-01A9-4164-F3B6-9ECCB1A4A8FA}.Release|x64.Build.0 = Release|x64
		{379BC30E-F59E-4384-95A3-2DC6D57A3515}.Debug|Any CPU.ActiveCfg = Debug|Any CPU
		{379BC30E-F59E-4384-95A3-2DC6D57A3515}.Debug|Any CPU.Build.0 = Debug|Any CPU
		{379BC30E-F59E-4384-95A3-2DC6D57A3515}.Debug|x64.ActiveCfg = Debug|Any CPU
		{379BC30E-F59E-4384-95A3-2DC6D57A3515}.Debug|x64.Build.0 = Debug|Any CPU
		{379BC30E-F59E-4384-95A3-2DC6D57A3515}.Release|Any CPU.ActiveCfg = Release|Any CPU
		{379BC30E-F59E-4384-95A3-2DC6D57A3515}.Release|Any CPU.Build.0 = Release|Any CPU
		{379BC30E-F59E-4384-95A3-2DC6D57A3515}.Release|x64.ActiveCfg = Release|Any CPU
		{379BC30E-F59E-4384-95A3-2DC6D57A3515}.Release|x64.Build.0 = Release|Any CPU
		{5089C2C7-3029-439F-B196-53BAC0ED2E9A}.Debug|Any CPU.ActiveCfg = Debug|Any CPU
		{5089C2C7-3029-439F-B196-53BAC0ED2E9A}.Debug|Any CPU.Build.0 = Debug|Any CPU
		{5089C2C7-3029-439F-B196-53BAC0ED2E9A}.Debug|x64.ActiveCfg = Debug|Any CPU
		{5089C2C7-3029-439F-B196-53BAC0ED2E9A}.Debug|x64.Build.0 = Debug|Any CPU
		{5089C2C7-3029-439F-B196-53BAC0ED2E9A}.Release|Any CPU.ActiveCfg = Release|Any CPU
		{5089C2C7-3029-439F-B196-53BAC0ED2E9A}.Release|Any CPU.Build.0 = Release|Any CPU
		{5089C2C7-3029-439F-B196-53BAC0ED2E9A}.Release|x64.ActiveCfg = Release|Any CPU
		{5089C2C7-3029-439F-B196-53BAC0ED2E9A}.Release|x64.Build.0 = Release|Any CPU
		{E9B6464B-A145-4FA7-96FC-027EBBE9F8A1}.Debug|Any CPU.ActiveCfg = Debug|Any CPU
		{E9B6464B-A145-4FA7-96FC-027EBBE9F8A1}.Debug|Any CPU.Build.0 = Debug|Any CPU
		{E9B6464B-A145-4FA7-96FC-027EBBE9F8A1}.Debug|x64.ActiveCfg = Debug|Any CPU
		{E9B6464B-A145-4FA7-96FC-027EBBE9F8A1}.Debug|x64.Build.0 = Debug|Any CPU
		{E9B6464B-A145-4FA7-96FC-027EBBE9F8A1}.Release|Any CPU.ActiveCfg = Release|Any CPU
		{E9B6464B-A145-4FA7-96FC-027EBBE9F8A1}.Release|Any CPU.Build.0 = Release|Any CPU
		{E9B6464B-A145-4FA7-96FC-027EBBE9F8A1}.Release|x64.ActiveCfg = Release|Any CPU
		{E9B6464B-A145-4FA7-96FC-027EBBE9F8A1}.Release|x64.Build.0 = Release|Any CPU
		{9BD6B934-0A59-4E57-B100-4DDF8A49CCB4}.Debug|Any CPU.ActiveCfg = Debug|Any CPU
		{9BD6B934-0A59-4E57-B100-4DDF8A49CCB4}.Debug|Any CPU.Build.0 = Debug|Any CPU
		{9BD6B934-0A59-4E57-B100-4DDF8A49CCB4}.Debug|x64.ActiveCfg = Debug|Any CPU
		{9BD6B934-0A59-4E57-B100-4DDF8A49CCB4}.Debug|x64.Build.0 = Debug|Any CPU
		{9BD6B934-0A59-4E57-B100-4DDF8A49CCB4}.Release|Any CPU.ActiveCfg = Release|Any CPU
		{9BD6B934-0A59-4E57-B100-4DDF8A49CCB4}.Release|Any CPU.Build.0 = Release|Any CPU
		{9BD6B934-0A59-4E57-B100-4DDF8A49CCB4}.Release|x64.ActiveCfg = Release|Any CPU
		{9BD6B934-0A59-4E57-B100-4DDF8A49CCB4}.Release|x64.Build.0 = Release|Any CPU
	EndGlobalSection
	GlobalSection(SolutionProperties) = preSolution
		HideSolutionNode = FALSE
	EndGlobalSection
	GlobalSection(ExtensibilityGlobals) = postSolution
		SolutionGuid = {B77AB379-4F90-4CA0-ACA5-0F9D9585E27D}
	EndGlobalSection
EndGlobal
